{
  "object": {
    "pins": [
      {
        "package": "Alamofire",
        "repositoryURL": "https://github.com/Alamofire/Alamofire.git",
        "state": {
          "branch": null,
          "revision": "f82c23a8a7ef8dc1a49a8bfc6a96883e79121864",
          "version": "5.5.0"
        }
      },
      {
        "package": "CorePackage",
        "repositoryURL": "https://github.com/manishkumaios/CorePackage.git",
        "state": {
          "branch": "main",
          "revision": "8792fc3202ce8329aa772d5bda5fce25e7204fda",
          "version": null
        }
      },
      {
        "package": "NetworkPackage",
        "repositoryURL": "https://github.com/manishkumaios/NetworkPackage.git",
        "state": {
          "branch": "main",
          "revision": "e5d5fc4ae42c8f885ae3552a104a071a7146fb54",
          "version": null
        }
      }
    ]
  },
  "version": 1
}
